
Microsoft Visual Studio Solution File, Format Version 12.00
# Visual Studio Version 16
VisualStudioVersion = 16.0.29709.97
MinimumVisualStudioVersion = 10.0.40219.1
Project("{FAE04EC0-301F-11D3-BF4B-00C04F79EFBC}") = "IamSafe.Android", "IamSafe\IamSafe.Android\IamSafe.Android.csproj", "{DCC75F8A-CDAD-4351-B4E5-0540C3C3AFB9}"
EndProject
Project("{FAE04EC0-301F-11D3-BF4B-00C04F79EFBC}") = "IamSafe.iOS", "IamSafe\IamSafe.iOS\IamSafe.iOS.csproj", "{BF489B8F-C294-4F82-8DD8-AA8CBB00FD87}"
EndProject
Project("{9A19103F-16F7-4668-BE54-9A1E7A4F7556}") = "IamSafe", "IamSafe\IamSafe\IamSafe.csproj", "{403D37CA-551D-4CD1-BEBE-71D2813CAE98}"
EndProject
Global
	GlobalSection(SolutionConfigurationPlatforms) = preSolution
		Debug|Any CPU = Debug|Any CPU
		Debug|iPhone = Debug|iPhone
		Debug|iPhoneSimulator = Debug|iPhoneSimulator
		Release|Any CPU = Release|Any CPU
		Release|iPhone = Release|iPhone
		Release|iPhoneSimulator = Release|iPhoneSimulator
	EndGlobalSection
	GlobalSection(ProjectConfigurationPlatforms) = postSolution
		{DCC75F8A-CDAD-4351-B4E5-0540C3C3AFB9}.Debug|Any CPU.ActiveCfg = Debug|Any CPU
		{DCC75F8A-CDAD-4351-B4E5-0540C3C3AFB9}.Debug|Any CPU.Build.0 = Debug|Any CPU
		{DCC75F8A-CDAD-4351-B4E5-0540C3C3AFB9}.Debug|Any CPU.Deploy.0 = Debug|Any CPU
		{DCC75F8A-CDAD-4351-B4E5-0540C3C3AFB9}.Debug|iPhone.ActiveCfg = Debug|Any CPU
		{DCC75F8A-CDAD-4351-B4E5-0540C3C3AFB9}.Debug|iPhone.Build.0 = Debug|Any CPU
		{DCC75F8A-CDAD-4351-B4E5-0540C3C3AFB9}.Debug|iPhone.Deploy.0 = Debug|Any CPU
		{DCC75F8A-CDAD-4351-B4E5-0540C3C3AFB9}.Debug|iPhoneSimulator.ActiveCfg = Debug|Any CPU
		{DCC75F8A-CDAD-4351-B4E5-0540C3C3AFB9}.Debug|iPhoneSimulator.Build.0 = Debug|Any CPU
		{DCC75F8A-CDAD-4351-B4E5-0540C3C3AFB9}.Debug|iPhoneSimulator.Deploy.0 = Debug|Any CPU
		{DCC75F8A-CDAD-4351-B4E5-0540C3C3AFB9}.Release|Any CPU.ActiveCfg = Release|Any CPU
		{DCC75F8A-CDAD-4351-B4E5-0540C3C3AFB9}.Release|Any CPU.Build.0 = Release|Any CPU
		{DCC75F8A-CDAD-4351-B4E5-0540C3C3AFB9}.Release|Any CPU.Deploy.0 = Release|Any CPU
		{DCC75F8A-CDAD-4351-B4E5-0540C3C3AFB9}.Release|iPhone.ActiveCfg = Release|Any CPU
		{DCC75F8A-CDAD-4351-B4E5-0540C3C3AFB9}.Release|iPhone.Build.0 = Release|Any CPU
		{DCC75F8A-CDAD-4351-B4E5-0540C3C3AFB9}.Release|iPhone.Deploy.0 = Release|Any CPU
		{DCC75F8A-CDAD-4351-B4E5-0540C3C3AFB9}.Release|iPhoneSimulator.ActiveCfg = Release|Any CPU
		{DCC75F8A-CDAD-4351-B4E5-0540C3C3AFB9}.Release|iPhoneSimulator.Build.0 = Release|Any CPU
		{DCC75F8A-CDAD-4351-B4E5-0540C3C3AFB9}.Release|iPhoneSimulator.Deploy.0 = Release|Any CPU
		{BF489B8F-C294-4F82-8DD8-AA8CBB00FD87}.Debug|Any CPU.ActiveCfg = Debug|iPhoneSimulator
		{BF489B8F-C294-4F82-8DD8-AA8CBB00FD87}.Debug|Any CPU.Build.0 = Debug|iPhoneSimulator
		{BF489B8F-C294-4F82-8DD8-AA8CBB00FD87}.Debug|Any CPU.Deploy.0 = Debug|iPhoneSimulator
		{BF489B8F-C294-4F82-8DD8-AA8CBB00FD87}.Debug|iPhone.ActiveCfg = Debug|iPhone
		{BF489B8F-C294-4F82-8DD8-AA8CBB00FD87}.Debug|iPhone.Build.0 = Debug|iPhone
		{BF489B8F-C294-4F82-8DD8-AA8CBB00FD87}.Debug|iPhone.Deploy.0 = Debug|iPhone
		{BF489B8F-C294-4F82-8DD8-AA8CBB00FD87}.Debug|iPhoneSimulator.ActiveCfg = Debug|iPhoneSimulator
		{BF489B8F-C294-4F82-8DD8-AA8CBB00FD87}.Debug|iPhoneSimulator.Build.0 = Debug|iPhoneSimulator
		{BF489B8F-C294-4F82-8DD8-AA8CBB00FD87}.Debug|iPhoneSimulator.Deploy.0 = Debug|iPhoneSimulator
		{BF489B8F-C294-4F82-8DD8-AA8CBB00FD87}.Release|Any CPU.ActiveCfg = Release|iPhone
		{BF489B8F-C294-4F82-8DD8-AA8CBB00FD87}.Release|Any CPU.Build.0 = Release|iPhone
		{BF489B8F-C294-4F82-8DD8-AA8CBB00FD87}.Release|Any CPU.Deploy.0 = Release|iPhone
		{BF489B8F-C294-4F82-8DD8-AA8CBB00FD87}.Release|iPhone.ActiveCfg = Release|iPhone
		{BF489B8F-C294-4F82-8DD8-AA8CBB00FD87}.Release|iPhone.Build.0 = Release|iPhone
		{BF489B8F-C294-4F82-8DD8-AA8CBB00FD87}.Release|iPhone.Deploy.0 = Release|iPhone
		{BF489B8F-C294-4F82-8DD8-AA8CBB00FD87}.Release|iPhoneSimulator.ActiveCfg = Release|iPhoneSimulator
		{BF489B8F-C294-4F82-8DD8-AA8CBB00FD87}.Release|iPhoneSimulator.Build.0 = Release|iPhoneSimulator
		{BF489B8F-C294-4F82-8DD8-AA8CBB00FD87}.Release|iPhoneSimulator.Deploy.0 = Release|iPhoneSimulator
		{403D37CA-551D-4CD1-BEBE-71D2813CAE98}.Debug|Any CPU.ActiveCfg = Debug|Any CPU
		{403D37CA-551D-4CD1-BEBE-71D2813CAE98}.Debug|Any CPU.Build.0 = Debug|Any CPU
		{403D37CA-551D-4CD1-BEBE-71D2813CAE98}.Debug|Any CPU.Deploy.0 = Debug|Any CPU
		{403D37CA-551D-4CD1-BEBE-71D2813CAE98}.Debug|iPhone.ActiveCfg = Debug|Any CPU
		{403D37CA-551D-4CD1-BEBE-71D2813CAE98}.Debug|iPhone.Build.0 = Debug|Any CPU
		{403D37CA-551D-4CD1-BEBE-71D2813CAE98}.Debug|iPhone.Deploy.0 = Debug|Any CPU
		{403D37CA-551D-4CD1-BEBE-71D2813CAE98}.Debug|iPhoneSimulator.ActiveCfg = Debug|Any CPU
		{403D37CA-551D-4CD1-BEBE-71D2813CAE98}.Debug|iPhoneSimulator.Build.0 = Debug|Any CPU
		{403D37CA-551D-4CD1-BEBE-71D2813CAE98}.Debug|iPhoneSimulator.Deploy.0 = Debug|Any CPU
		{403D37CA-551D-4CD1-BEBE-71D2813CAE98}.Release|Any CPU.ActiveCfg = Release|Any CPU
		{403D37CA-551D-4CD1-BEBE-71D2813CAE98}.Release|Any CPU.Build.0 = Release|Any CPU
		{403D37CA-551D-4CD1-BEBE-71D2813CAE98}.Release|Any CPU.Deploy.0 = Release|Any CPU
		{403D37CA-551D-4CD1-BEBE-71D2813CAE98}.Release|iPhone.ActiveCfg = Release|Any CPU
		{403D37CA-551D-4CD1-BEBE-71D2813CAE98}.Release|iPhone.Build.0 = Release|Any CPU
		{403D37CA-551D-4CD1-BEBE-71D2813CAE98}.Release|iPhone.Deploy.0 = Release|Any CPU
		{403D37CA-551D-4CD1-BEBE-71D2813CAE98}.Release|iPhoneSimulator.ActiveCfg = Release|Any CPU
		{403D37CA-551D-4CD1-BEBE-71D2813CAE98}.Release|iPhoneSimulator.Build.0 = Release|Any CPU
		{403D37CA-551D-4CD1-BEBE-71D2813CAE98}.Release|iPhoneSimulator.Deploy.0 = Release|Any CPU
	EndGlobalSection
	GlobalSection(SolutionProperties) = preSolution
		HideSolutionNode = FALSE
	EndGlobalSection
	GlobalSection(ExtensibilityGlobals) = postSolution
		SolutionGuid = {486450D8-D7DC-4765-9F24-8A940383CDCE}
	EndGlobalSection
EndGlobal
